// !$*UTF8*$!
{
	archiveVersion = 1;
	classes = {
	};
	objectVersion = 46;
	objects = {

/* Begin PBXBuildFile section */
		87D254271B7D78C1001F73A3 /* a.html in Resources */ = {isa = PBXBuildFile; fileRef = 87D254261B7D78C1001F73A3 /* a.html */; };
		87D2542D1B7D8007001F73A3 /* WBViewController.m in Sources */ = {isa = PBXBuildFile; fileRef = 87D2542B1B7D8007001F73A3 /* WBViewController.m */; };
		87D2542E1B7D8007001F73A3 /* WBViewController.xib in Resources */ = {isa = PBXBuildFile; fileRef = 87D2542C1B7D8007001F73A3 /* WBViewController.xib */; };
		87E5B72F1B81B7CA00E22E39 /* BaseViewController.m in Sources */ = {isa = PBXBuildFile; fileRef = 87E5B72D1B81B7CA00E22E39 /* BaseViewController.m */; };
		87E5B7301B81B7CA00E22E39 /* BaseViewController.xib in Resources */ = {isa = PBXBuildFile; fileRef = 87E5B72E1B81B7CA00E22E39 /* BaseViewController.xib */; };
		87E5B7341B81B9C600E22E39 /* JsBridgeViewController.m in Sources */ = {isa = PBXBuildFile; fileRef = 87E5B7321B81B9C600E22E39 /* JsBridgeViewController.m */; };
		87E5B7351B81B9C600E22E39 /* JsBridgeViewController.xib in Resources */ = {isa = PBXBuildFile; fileRef = 87E5B7331B81B9C600E22E39 /* JsBridgeViewController.xib */; };
		87E5B7371B81BA9100E22E39 /* UIKit.framework in Frameworks */ = {isa = PBXBuildFile; fileRef = 87E5B7361B81BA9100E22E39 /* UIKit.framework */; };
		87E5B7391B81BAA000E22E39 /* CoreGraphics.framework in Frameworks */ = {isa = PBXBuildFile; fileRef = 87E5B7381B81BAA000E22E39 /* CoreGraphics.framework */; };
		87E5B73B1B81BAAD00E22E39 /* Foundation.framework in Frameworks */ = {isa = PBXBuildFile; fileRef = 87E5B73A1B81BAAD00E22E39 /* Foundation.framework */; };
		87E5B7421B81BEC300E22E39 /* WebViewJavascriptBridge.js.txt in Resources */ = {isa = PBXBuildFile; fileRef = 87E5B7401B81BEC300E22E39 /* WebViewJavascriptBridge.js.txt */; };
		87E5B7431B81BEC300E22E39 /* WebViewJavascriptBridge.m in Sources */ = {isa = PBXBuildFile; fileRef = 87E5B7411B81BEC300E22E39 /* WebViewJavascriptBridge.m */; };
		87E5B7451B81BF1100E22E39 /* ExampleApp.html in Resources */ = {isa = PBXBuildFile; fileRef = 87E5B7441B81BF1100E22E39 /* ExampleApp.html */; };
		87E869DD1B5500810037759B /* main.m in Sources */ = {isa = PBXBuildFile; fileRef = 87E869DC1B5500810037759B /* main.m */; };
		87E869E01B5500810037759B /* AppDelegate.m in Sources */ = {isa = PBXBuildFile; fileRef = 87E869DF1B5500810037759B /* AppDelegate.m */; };
		87E869EB1B5500810037759B /* Images.xcassets in Resources */ = {isa = PBXBuildFile; fileRef = 87E869EA1B5500810037759B /* Images.xcassets */; };
		87E869EE1B5500810037759B /* LaunchScreen.xib in Resources */ = {isa = PBXBuildFile; fileRef = 87E869EC1B5500810037759B /* LaunchScreen.xib */; };
/* End PBXBuildFile section */

/* Begin PBXFileReference section */
		87D254261B7D78C1001F73A3 /* a.html */ = {isa = PBXFileReference; fileEncoding = 4; lastKnownFileType = text.html; path = a.html; sourceTree = "<group>"; };
		87D2542A1B7D8007001F73A3 /* WBViewController.h */ = {isa = PBXFileReference; fileEncoding = 4; lastKnownFileType = sourcecode.c.h; path = WBViewController.h; sourceTree = "<group>"; };
		87D2542B1B7D8007001F73A3 /* WBViewController.m */ = {isa = PBXFileReference; fileEncoding = 4; lastKnownFileType = sourcecode.c.objc; path = WBViewController.m; sourceTree = "<group>"; };
		87D2542C1B7D8007001F73A3 /* WBViewController.xib */ = {isa = PBXFileReference; fileEncoding = 4; lastKnownFileType = file.xib; path = WBViewController.xib; sourceTree = "<group>"; };
		87E5B72C1B81B7CA00E22E39 /* BaseViewController.h */ = {isa = PBXFileReference; fileEncoding = 4; lastKnownFileType = sourcecode.c.h; path = BaseViewController.h; sourceTree = "<group>"; };
		87E5B72D1B81B7CA00E22E39 /* BaseViewController.m */ = {isa = PBXFileReference; fileEncoding = 4; lastKnownFileType = sourcecode.c.objc; path = BaseViewController.m; sourceTree = "<group>"; };
		87E5B72E1B81B7CA00E22E39 /* BaseViewController.xib */ = {isa = PBXFileReference; fileEncoding = 4; lastKnownFileType = file.xib; path = BaseViewController.xib; sourceTree = "<group>"; };
		87E5B7311B81B9C600E22E39 /* JsBridgeViewController.h */ = {isa = PBXFileReference; fileEncoding = 4; lastKnownFileType = sourcecode.c.h; path = JsBridgeViewController.h; sourceTree = "<group>"; };
		87E5B7321B81B9C600E22E39 /* JsBridgeViewController.m */ = {isa = PBXFileReference; fileEncoding = 4; lastKnownFileType = sourcecode.c.objc; path = JsBridgeViewController.m; sourceTree = "<group>"; };
		87E5B7331B81B9C600E22E39 /* JsBridgeViewController.xib */ = {isa = PBXFileReference; fileEncoding = 4; lastKnownFileType = file.xib; path = JsBridgeViewController.xib; sourceTree = "<group>"; };
		87E5B7361B81BA9100E22E39 /* UIKit.framework */ = {isa = PBXFileReference; lastKnownFileType = wrapper.framework; name = UIKit.framework; path = System/Library/Frameworks/UIKit.framework; sourceTree = SDKROOT; };
		87E5B7381B81BAA000E22E39 /* CoreGraphics.framework */ = {isa = PBXFileReference; lastKnownFileType = wrapper.framework; name = CoreGraphics.framework; path = System/Library/Frameworks/CoreGraphics.framework; sourceTree = SDKROOT; };
		87E5B73A1B81BAAD00E22E39 /* Foundation.framework */ = {isa = PBXFileReference; lastKnownFileType = wrapper.framework; name = Foundation.framework; path = System/Library/Frameworks/Foundation.framework; sourceTree = SDKROOT; };
		87E5B73F1B81BEC300E22E39 /* WebViewJavascriptBridge.h */ = {isa = PBXFileReference; fileEncoding = 4; lastKnownFileType = sourcecode.c.h; path = WebViewJavascriptBridge.h; sourceTree = "<group>"; };
		87E5B7401B81BEC300E22E39 /* WebViewJavascriptBridge.js.txt */ = {isa = PBXFileReference; fileEncoding = 4; lastKnownFileType = text; path = WebViewJavascriptBridge.js.txt; sourceTree = "<group>"; };
		87E5B7411B81BEC300E22E39 /* WebViewJavascriptBridge.m */ = {isa = PBXFileReference; fileEncoding = 4; lastKnownFileType = sourcecode.c.objc; path = WebViewJavascriptBridge.m; sourceTree = "<group>"; };
		87E5B7441B81BF1100E22E39 /* ExampleApp.html */ = {isa = PBXFileReference; fileEncoding = 4; lastKnownFileType = text.html; path = ExampleApp.html; sourceTree = "<group>"; };
		87E869D71B5500810037759B /* 111.app */ = {isa = PBXFileReference; explicitFileType = wrapper.application; includeInIndex = 0; path = 111.app; sourceTree = BUILT_PRODUCTS_DIR; };
		87E869DB1B5500810037759B /* Info.plist */ = {isa = PBXFileReference; lastKnownFileType = text.plist.xml; path = Info.plist; sourceTree = "<group>"; };
		87E869DC1B5500810037759B /* main.m */ = {isa = PBXFileReference; lastKnownFileType = sourcecode.c.objc; path = main.m; sourceTree = "<group>"; };
		87E869DE1B5500810037759B /* AppDelegate.h */ = {isa = PBXFileReference; lastKnownFileType = sourcecode.c.h; path = AppDelegate.h; sourceTree = "<group>"; };
		87E869DF1B5500810037759B /* AppDelegate.m */ = {isa = PBXFileReference; lastKnownFileType = sourcecode.c.objc; path = AppDelegate.m; sourceTree = "<group>"; };
		87E869EA1B5500810037759B /* Images.xcassets */ = {isa = PBXFileReference; lastKnownFileType = folder.assetcatalog; path = Images.xcassets; sourceTree = "<group>"; };
		87E869ED1B5500810037759B /* Base */ = {isa = PBXFileReference; lastKnownFileType = file.xib; name = Base; path = Base.lproj/LaunchScreen.xib; sourceTree = "<group>"; };
/* End PBXFileReference section */

/* Begin PBXFrameworksBuildPhase section */
		87E869D41B5500810037759B /* Frameworks */ = {
			isa = PBXFrameworksBuildPhase;
			buildActionMask = 2147483647;
			files = (
				87E5B73B1B81BAAD00E22E39 /* Foundation.framework in Frameworks */,
				87E5B7391B81BAA000E22E39 /* CoreGraphics.framework in Frameworks */,
				87E5B7371B81BA9100E22E39 /* UIKit.framework in Frameworks */,
			);
			runOnlyForDeploymentPostprocessing = 0;
		};
/* End PBXFrameworksBuildPhase section */

/* Begin PBXGroup section */
		87E5B73E1B81BEC300E22E39 /* WebViewJavascriptBridge */ = {
			isa = PBXGroup;
			children = (
				87E5B73F1B81BEC300E22E39 /* WebViewJavascriptBridge.h */,
				87E5B7401B81BEC300E22E39 /* WebViewJavascriptBridge.js.txt */,
				87E5B7411B81BEC300E22E39 /* WebViewJavascriptBridge.m */,
			);
			path = WebViewJavascriptBridge;
			sourceTree = "<group>";
		};
		87E869CE1B5500810037759B = {
			isa = PBXGroup;
			children = (
				87E5B73A1B81BAAD00E22E39 /* Foundation.framework */,
				87E5B7381B81BAA000E22E39 /* CoreGraphics.framework */,
				87E5B7361B81BA9100E22E39 /* UIKit.framework */,
				87E869D91B5500810037759B /* 111 */,
				87E869D81B5500810037759B /* Products */,
			);
			sourceTree = "<group>";
		};
		87E869D81B5500810037759B /* Products */ = {
			isa = PBXGroup;
			children = (
				87E869D71B5500810037759B /* 111.app */,
			);
			name = Products;
			sourceTree = "<group>";
		};
		87E869D91B5500810037759B /* 111 */ = {
			isa = PBXGroup;
			children = (
				87E869DE1B5500810037759B /* AppDelegate.h */,
				87E869DF1B5500810037759B /* AppDelegate.m */,
				87E5B72C1B81B7CA00E22E39 /* BaseViewController.h */,
				87E5B72D1B81B7CA00E22E39 /* BaseViewController.m */,
				87E5B72E1B81B7CA00E22E39 /* BaseViewController.xib */,
				87D2542A1B7D8007001F73A3 /* WBViewController.h */,
				87D2542B1B7D8007001F73A3 /* WBViewController.m */,
				87D2542C1B7D8007001F73A3 /* WBViewController.xib */,
				87E5B7311B81B9C600E22E39 /* JsBridgeViewController.h */,
				87E5B7321B81B9C600E22E39 /* JsBridgeViewController.m */,
				87E5B7331B81B9C600E22E39 /* JsBridgeViewController.xib */,
				87E5B7441B81BF1100E22E39 /* ExampleApp.html */,
				87D254261B7D78C1001F73A3 /* a.html */,
				87E5B73E1B81BEC300E22E39 /* WebViewJavascriptBridge */,
				87E869EA1B5500810037759B /* Images.xcassets */,
				87E869EC1B5500810037759B /* LaunchScreen.xib */,
				87E869DA1B5500810037759B /* Supporting Files */,
			);
			path = 111;
			sourceTree = "<group>";
		};
		87E869DA1B5500810037759B /* Supporting Files */ = {
			isa = PBXGroup;
			children = (
				87E869DB1B5500810037759B /* Info.plist */,
				87E869DC1B5500810037759B /* main.m */,
			);
			name = "Supporting Files";
			sourceTree = "<group>";
		};
/* End PBXGroup section */

/* Begin PBXNativeTarget section */
		87E869D61B5500810037759B /* 111 */ = {
			isa = PBXNativeTarget;
			buildConfigurationList = 87E869FD1B5500810037759B /* Build configuration list for PBXNativeTarget "111" */;
			buildPhases = (
				87E869D31B5500810037759B /* Sources */,
				87E869D41B5500810037759B /* Frameworks */,
				87E869D51B5500810037759B /* Resources */,
			);
			buildRules = (
			);
			dependencies = (
			);
			name = 111;
			productName = 111;
			productReference = 87E869D71B5500810037759B /* 111.app */;
			productType = "com.apple.product-type.application";
		};
/* End PBXNativeTarget section */

/* Begin PBXProject section */
		87E869CF1B5500810037759B /* Project object */ = {
			isa = PBXProject;
			attributes = {
				LastUpgradeCheck = 0610;
				ORGANIZATIONNAME = com.yintai.iphone;
				TargetAttributes = {
					87E869D61B5500810037759B = {
						CreatedOnToolsVersion = 6.1;
						DevelopmentTeam = 3TH2DAAR72;
					};
				};
			};
			buildConfigurationList = 87E869D21B5500810037759B /* Build configuration list for PBXProject "111" */;
			compatibilityVersion = "Xcode 3.2";
			developmentRegion = English;
			hasScannedForEncodings = 0;
			knownRegions = (
				en,
				Base,
			);
			mainGroup = 87E869CE1B5500810037759B;
			productRefGroup = 87E869D81B5500810037759B /* Products */;
			projectDirPath = "";
			projectRoot = "";
			targets = (
				87E869D61B5500810037759B /* 111 */,
			);
		};
/* End PBXProject section */

/* Begin PBXResourcesBuildPhase section */
		87E869D51B5500810037759B /* Resources */ = {
			isa = PBXResourcesBuildPhase;
			buildActionMask = 2147483647;
			files = (
				87E5B7351B81B9C600E22E39 /* JsBridgeViewController.xib in Resources */,
				87E869EE1B5500810037759B /* LaunchScreen.xib in Resources */,
				87D254271B7D78C1001F73A3 /* a.html in Resources */,
				87E5B7301B81B7CA00E22E39 /* BaseViewController.xib in Resources */,
				87E5B7421B81BEC300E22E39 /* WebViewJavascriptBridge.js.txt in Resources */,
				87E869EB1B5500810037759B /* Images.xcassets in Resources */,
				87D2542E1B7D8007001F73A3 /* WBViewController.xib in Resources */,
				87E5B7451B81BF1100E22E39 /* ExampleApp.html in Resources */,
			);
			runOnlyForDeploymentPostprocessing = 0;
		};
/* End PBXResourcesBuildPhase section */

/* Begin PBXSourcesBuildPhase section */
		87E869D31B5500810037759B /* Sources */ = {
			isa = PBXSourcesBuildPhase;
			buildActionMask = 2147483647;
			files = (
				87E869E01B5500810037759B /* AppDelegate.m in Sources */,
				87E5B7431B81BEC300E22E39 /* WebViewJavascriptBridge.m in Sources */,
				87E5B72F1B81B7CA00E22E39 /* BaseViewController.m in Sources */,
				87D2542D1B7D8007001F73A3 /* WBViewController.m in Sources */,
				87E5B7341B81B9C600E22E39 /* JsBridgeViewController.m in Sources */,
				87E869DD1B5500810037759B /* main.m in Sources */,
			);
			runOnlyForDeploymentPostprocessing = 0;
		};
/* End PBXSourcesBuildPhase section */

/* Begin PBXVariantGroup section */
		87E869EC1B5500810037759B /* LaunchScreen.xib */ = {
			isa = PBXVariantGroup;
			children = (
				87E869ED1B5500810037759B /* Base */,
			);
			name = LaunchScreen.xib;
			sourceTree = "<group>";
		};
/* End PBXVariantGroup section */

/* Begin XCBuildConfiguration section */
		87E869FB1B5500810037759B /* Debug */ = {
			isa = XCBuildConfiguration;
			buildSettings = {
				ALWAYS_SEARCH_USER_PATHS = NO;
				CLANG_CXX_LANGUAGE_STANDARD = "gnu++0x";
				CLANG_CXX_LIBRARY = "libc++";
				CLANG_ENABLE_MODULES = YES;
				CLANG_ENABLE_OBJC_ARC = YES;
				CLANG_WARN_BOOL_CONVERSION = YES;
				CLANG_WARN_CONSTANT_CONVERSION = YES;
				CLANG_WARN_DIRECT_OBJC_ISA_USAGE = YES_ERROR;
				CLANG_WARN_EMPTY_BODY = YES;
				CLANG_WARN_ENUM_CONVERSION = YES;
				CLANG_WARN_INT_CONVERSION = YES;
				CLANG_WARN_OBJC_ROOT_CLASS = YES_ERROR;
				CLANG_WARN_UNREACHABLE_CODE = YES;
				CLANG_WARN__DUPLICATE_METHOD_MATCH = YES;
				"CODE_SIGN_IDENTITY[sdk=iphoneos*]" = "iPhone Developer";
				COPY_PHASE_STRIP = NO;
				ENABLE_STRICT_OBJC_MSGSEND = YES;
				GCC_C_LANGUAGE_STANDARD = gnu99;
				GCC_DYNAMIC_NO_PIC = NO;
				GCC_OPTIMIZATION_LEVEL = 0;
				GCC_PREPROCESSOR_DEFINITIONS = (
					"DEBUG=1",
					"$(inherited)",
				);
				GCC_SYMBOLS_PRIVATE_EXTERN = NO;
				GCC_WARN_64_TO_32_BIT_CONVERSION = YES;
				GCC_WARN_ABOUT_RETURN_TYPE = YES_ERROR;
				GCC_WARN_UNDECLARED_SELECTOR = YES;
				GCC_WARN_UNINITIALIZED_AUTOS = YES_AGGRESSIVE;
				GCC_WARN_UNUSED_FUNCTION = YES;
				GCC_WARN_UNUSED_VARIABLE = YES;
				IPHONEOS_DEPLOYMENT_TARGET = 8.1;
				MTL_ENABLE_DEBUG_INFO = YES;
				ONLY_ACTIVE_ARCH = YES;
				SDKROOT = iphoneos;
				TARGETED_DEVICE_FAMILY = "1,2";
			};
			name = Debug;
		};
		87E869FC1B5500810037759B /* Release */ = {
			isa = XCBuildConfiguration;
			buildSettings = {
				ALWAYS_SEARCH_USER_PATHS = NO;
				CLANG_CXX_LANGUAGE_STANDARD = "gnu++0x";
				CLANG_CXX_LIBRARY = "libc++";
				CLANG_ENABLE_MODULES = YES;
				CLANG_ENABLE_OBJC_ARC = YES;
				CLANG_WARN_BOOL_CONVERSION = YES;
				CLANG_WARN_CONSTANT_CONVERSION = YES;
				CLANG_WARN_DIRECT_OBJC_ISA_USAGE = YES_ERROR;
				CLANG_WARN_EMPTY_BODY = YES;
				CLANG_WARN_ENUM_CONVERSION = YES;
				CLANG_WARN_INT_CONVERSION = YES;
				CLANG_WARN_OBJC_ROOT_CLASS = YES_ERROR;
				CLANG_WARN_UNREACHABLE_CODE = YES;
				CLANG_WARN__DUPLICATE_METHOD_MATCH = YES;
				"CODE_SIGN_IDENTITY[sdk=iphoneos*]" = "iPhone Developer";
				COPY_PHASE_STRIP = YES;
				ENABLE_NS_ASSERTIONS = NO;
				ENABLE_STRICT_OBJC_MSGSEND = YES;
				GCC_C_LANGUAGE_STANDARD = gnu99;
				GCC_WARN_64_TO_32_BIT_CONVERSION = YES;
				GCC_WARN_ABOUT_RETURN_TYPE = YES_ERROR;
				GCC_WARN_UNDECLARED_SELECTOR = YES;
				GCC_WARN_UNINITIALIZED_AUTOS = YES_AGGRESSIVE;
				GCC_WARN_UNUSED_FUNCTION = YES;
				GCC_WARN_UNUSED_VARIABLE = YES;
				IPHONEOS_DEPLOYMENT_TARGET = 8.1;
				MTL_ENABLE_DEBUG_INFO = NO;
				SDKROOT = iphoneos;
				TARGETED_DEVICE_FAMILY = "1,2";
				VALIDATE_PRODUCT = YES;
			};
			name = Release;
		};
		87E869FE1B5500810037759B /* Debug */ = {
			isa = XCBuildConfiguration;
			buildSettings = {
				ASSETCATALOG_COMPILER_APPICON_NAME = AppIcon;
				CODE_SIGN_IDENTITY = "iPhone Developer";
				INFOPLIST_FILE = 111/Info.plist;
				LD_RUNPATH_SEARCH_PATHS = "$(inherited) @executable_path/Frameworks";
				PRODUCT_NAME = "$(TARGET_NAME)";
			};
			name = Debug;
		};
		87E869FF1B5500810037759B /* Release */ = {
			isa = XCBuildConfiguration;
			buildSettings = {
				ASSETCATALOG_COMPILER_APPICON_NAME = AppIcon;
				CODE_SIGN_IDENTITY = "iPhone Developer";
				INFOPLIST_FILE = 111/Info.plist;
				LD_RUNPATH_SEARCH_PATHS = "$(inherited) @executable_path/Frameworks";
				PRODUCT_NAME = "$(TARGET_NAME)";
			};
			name = Release;
		};
/* End XCBuildConfiguration section */

/* Begin XCConfigurationList section */
		87E869D21B5500810037759B /* Build configuration list for PBXProject "111" */ = {
			isa = XCConfigurationList;
			buildConfigurations = (
				87E869FB1B5500810037759B /* Debug */,
				87E869FC1B5500810037759B /* Release */,
			);
			defaultConfigurationIsVisible = 0;
			defaultConfigurationName = Release;
		};
		87E869FD1B5500810037759B /* Build configuration list for PBXNativeTarget "111" */ = {
			isa = XCConfigurationList;
			buildConfigurations = (
				87E869FE1B5500810037759B /* Debug */,
				87E869FF1B5500810037759B /* Release */,
			);
			defaultConfigurationIsVisible = 0;
			defaultConfigurationName = Release;
		};
/* End XCConfigurationList section */
	};
	rootObject = 87E869CF1B5500810037759B /* Project object */;
}
